# THIS IS AN AUTOGENERATED FILE. DO NOT EDIT THIS FILE DIRECTLY.
# yarn lockfile v1


"@figma/plugin-typings@*":
  version "1.93.0"
  resolved "https://registry.yarnpkg.com/@figma/plugin-typings/-/plugin-typings-1.93.0.tgz#ced9d1b206ae06607bd7cd2743dc438311bcecbb"
  integrity sha512-R4iGdkHaoIeJENxz+VUmstOofataZ22Yi7urKS9mr6ZbMJ1TFPBDCrHbKXsJaevvizB9jLhCdNA1wtQci4Ynxg==

figma-plugin-ds@^1.0.1:
  version "1.0.1"
  resolved "https://registry.npmjs.org/figma-plugin-ds/-/figma-plugin-ds-1.0.1.tgz"
  integrity sha512-j1/mcHeYx8IRzdLbNyqo9PQXqtI3ujN/RfjuXFS7OintJojuXG2GuaL8COzqAH66ZPXx4aFHMkqRjbBaudBCpA==

typescript@*:
  version "5.3.3"
  resolved "https://registry.npmjs.org/typescript/-/typescript-5.3.3.tgz"
  integrity sha512-pXWcraxM0uxAS+tN0AG/BF2TyqmHO014Z070UsJ+pFvYuRSq8KH8DmWpnbXe0pEPDHXZV3FcAbJkijJ5oNEnWw==
