# THIS IS AN AUTOGENERATED FILE. DO NOT EDIT THIS FILE DIRECTLY.
# yarn lockfile v1


"@figma/plugin-typings@*":
  version "1.84.0"
  resolved "https://registry.yarnpkg.com/@figma/plugin-typings/-/plugin-typings-1.84.0.tgz#d06ed8bece2cbbda8f3d96abfccfe7b822163c05"
  integrity sha512-YisOp7S2y10BWMLBJY2DazCjRpg/0m03dDlS3nKhpw2alFQSXNuSLLd+y4pbnJpOXJMnInZdbikr/7JxudjsYg==

figma-plugin-ds@^1.0.1:
  version "1.0.1"
  resolved "https://registry.yarnpkg.com/figma-plugin-ds/-/figma-plugin-ds-1.0.1.tgz#bcaf2f96c4533be80ef439232e1f7cd037cc3c80"
  integrity sha512-j1/mcHeYx8IRzdLbNyqo9PQXqtI3ujN/RfjuXFS7OintJojuXG2GuaL8COzqAH66ZPXx4aFHMkqRjbBaudBCpA==

typescript@*:
  version "5.3.3"
  resolved "https://registry.yarnpkg.com/typescript/-/typescript-5.3.3.tgz#b3ce6ba258e72e6305ba66f5c9b452aaee3ffe37"
  integrity sha512-pXWcraxM0uxAS+tN0AG/BF2TyqmHO014Z070UsJ+pFvYuRSq8KH8DmWpnbXe0pEPDHXZV3FcAbJkijJ5oNEnWw==
